
Microsoft Visual Studio Solution File, Format Version 12.00
# Visual Studio Version 17
VisualStudioVersion = 17.1.32210.238
MinimumVisualStudioVersion = 10.0.40219.1
Project("{FAE04EC0-301F-11D3-BF4B-00C04F79EFBC}") = "Session-03", "Session-03\Session-03.csproj", "{2F923EF2-9AC6-4354-8B9E-E0D3D8603B4E}"
EndProject
Global
	GlobalSection(SolutionConfigurationPlatforms) = preSolution
		Debug|Any CPU = Debug|Any CPU
		Release|Any CPU = Release|Any CPU
	EndGlobalSection
	GlobalSection(ProjectConfigurationPlatforms) = postSolution
		{2F923EF2-9AC6-4354-8B9E-E0D3D8603B4E}.Debug|Any CPU.ActiveCfg = Debug|Any CPU
		{2F923EF2-9AC6-4354-8B9E-E0D3D8603B4E}.Debug|Any CPU.Build.0 = Debug|Any CPU
		{2F923EF2-9AC6-4354-8B9E-E0D3D8603B4E}.Release|Any CPU.ActiveCfg = Release|Any CPU
		{2F923EF2-9AC6-4354-8B9E-E0D3D8603B4E}.Release|Any CPU.Build.0 = Release|Any CPU
	EndGlobalSection
	GlobalSection(SolutionProperties) = preSolution
		HideSolutionNode = FALSE
	EndGlobalSection
	GlobalSection(ExtensibilityGlobals) = postSolution
		SolutionGuid = {FC1EAE11-D14F-4F64-8EFC-F08BAE671476}
	EndGlobalSection
EndGlobal
